
Microsoft Visual Studio Solution File, Format Version 12.00
# Visual Studio 15
VisualStudioVersion = 15.0.27703.2035
MinimumVisualStudioVersion = 10.0.40219.1
Project("{2150E333-8FDC-42A3-9474-1A3956D46DE8}") = "src", "src", "{C09F4002-4575-4487-955E-4FE7716CAD18}"
EndProject
Project("{2150E333-8FDC-42A3-9474-1A3956D46DE8}") = "test", "test", "{F959B699-30EA-4692-AC89-D8EA58BE9382}"
EndProject
Project("{9A19103F-16F7-4668-BE54-9A1E7A4F7556}") = "Cow.Io.Firebase.CloudMessagingTest", "test\Cow.Io.Firebase.CloudMessagingTest\Cow.Io.Firebase.CloudMessagingTest.csproj", "{5B46238A-C505-47C2-8396-2AF0F771E2EB}"
EndProject
Project("{9A19103F-16F7-4668-BE54-9A1E7A4F7556}") = "Cow.io.Firebase.CloudMessaging", "src\Cow.io.Firebase.CloudMessaging\Cow.io.Firebase.CloudMessaging.csproj", "{1BEC6237-1395-4594-88EC-8319AC0F917C}"
EndProject
Project("{9A19103F-16F7-4668-BE54-9A1E7A4F7556}") = "Cow.io.PushNotification", "src\Cow.io.PushNotification\Cow.io.PushNotification.csproj", "{60C47C46-ADC5-400F-AC56-CA59311746E5}"
EndProject
Global
	GlobalSection(SolutionConfigurationPlatforms) = preSolution
		Debug|Any CPU = Debug|Any CPU
		Release|Any CPU = Release|Any CPU
	EndGlobalSection
	GlobalSection(ProjectConfigurationPlatforms) = postSolution
		{5B46238A-C505-47C2-8396-2AF0F771E2EB}.Debug|Any CPU.ActiveCfg = Debug|Any CPU
		{5B46238A-C505-47C2-8396-2AF0F771E2EB}.Debug|Any CPU.Build.0 = Debug|Any CPU
		{5B46238A-C505-47C2-8396-2AF0F771E2EB}.Release|Any CPU.ActiveCfg = Release|Any CPU
		{5B46238A-C505-47C2-8396-2AF0F771E2EB}.Release|Any CPU.Build.0 = Release|Any CPU
		{1BEC6237-1395-4594-88EC-8319AC0F917C}.Debug|Any CPU.ActiveCfg = Debug|Any CPU
		{1BEC6237-1395-4594-88EC-8319AC0F917C}.Debug|Any CPU.Build.0 = Debug|Any CPU
		{1BEC6237-1395-4594-88EC-8319AC0F917C}.Release|Any CPU.ActiveCfg = Release|Any CPU
		{1BEC6237-1395-4594-88EC-8319AC0F917C}.Release|Any CPU.Build.0 = Release|Any CPU
		{60C47C46-ADC5-400F-AC56-CA59311746E5}.Debug|Any CPU.ActiveCfg = Debug|Any CPU
		{60C47C46-ADC5-400F-AC56-CA59311746E5}.Debug|Any CPU.Build.0 = Debug|Any CPU
		{60C47C46-ADC5-400F-AC56-CA59311746E5}.Release|Any CPU.ActiveCfg = Release|Any CPU
		{60C47C46-ADC5-400F-AC56-CA59311746E5}.Release|Any CPU.Build.0 = Release|Any CPU
	EndGlobalSection
	GlobalSection(SolutionProperties) = preSolution
		HideSolutionNode = FALSE
	EndGlobalSection
	GlobalSection(NestedProjects) = preSolution
		{5B46238A-C505-47C2-8396-2AF0F771E2EB} = {F959B699-30EA-4692-AC89-D8EA58BE9382}
		{1BEC6237-1395-4594-88EC-8319AC0F917C} = {C09F4002-4575-4487-955E-4FE7716CAD18}
		{60C47C46-ADC5-400F-AC56-CA59311746E5} = {C09F4002-4575-4487-955E-4FE7716CAD18}
	EndGlobalSection
	GlobalSection(ExtensibilityGlobals) = postSolution
		SolutionGuid = {6A512492-AC15-43F5-902D-D6F8BF69AEB3}
	EndGlobalSection
EndGlobal
